
Microsoft Visual Studio Solution File, Format Version 12.00
# Visual Studio 14
VisualStudioVersion = 14.0.25420.1
MinimumVisualStudioVersion = 10.0.40219.1
Project("{FAE04EC0-301F-11D3-BF4B-00C04F79EFBC}") = "WebApplication4", "WebApplication4\WebApplication4.csproj", "{867AFB02-D8B9-41BF-8110-0F29390EE619}"
EndProject
Global
	GlobalSection(SolutionConfigurationPlatforms) = preSolution
		Debug|Any CPU = Debug|Any CPU
		Release|Any CPU = Release|Any CPU
	EndGlobalSection
	GlobalSection(ProjectConfigurationPlatforms) = postSolution
		{867AFB02-D8B9-41BF-8110-0F29390EE619}.Debug|Any CPU.ActiveCfg = Debug|Any CPU
		{867AFB02-D8B9-41BF-8110-0F29390EE619}.Debug|Any CPU.Build.0 = Debug|Any CPU
		{867AFB02-D8B9-41BF-8110-0F29390EE619}.Release|Any CPU.ActiveCfg = Release|Any CPU
		{867AFB02-D8B9-41BF-8110-0F29390EE619}.Release|Any CPU.Build.0 = Release|Any CPU
	EndGlobalSection
	GlobalSection(SolutionProperties) = preSolution
		HideSolutionNode = FALSE
	EndGlobalSection
EndGlobal
